// !$*UTF8*$!
{
	archiveVersion = 1;
	classes = {
	};
	objectVersion = 55;
	objects = {

/* Begin PBXBuildFile section */
		6B30CA2529CB244400C2094D /* UsuariosService.swift in Sources */ = {isa = PBXBuildFile; fileRef = 6B30CA2429CB244400C2094D /* UsuariosService.swift */; };
		6B4A6BB329CBDE8A00F44CA2 /* UIImageView.swift in Sources */ = {isa = PBXBuildFile; fileRef = 6B4A6BB229CBDE8A00F44CA2 /* UIImageView.swift */; };
		6B4A778E29C9CF9B001D8FBA /* UILabel.swift in Sources */ = {isa = PBXBuildFile; fileRef = 6B4A778D29C9CF9B001D8FBA /* UILabel.swift */; };
		6B4A779129C9D31E001D8FBA /* Usuário.swift in Sources */ = {isa = PBXBuildFile; fileRef = 6B4A779029C9D31E001D8FBA /* Usuário.swift */; };
		6B56C1E829C6868D003ED148 /* AppDelegate.swift in Sources */ = {isa = PBXBuildFile; fileRef = 6B56C1E729C6868D003ED148 /* AppDelegate.swift */; };
		6B56C1EA29C6868D003ED148 /* SceneDelegate.swift in Sources */ = {isa = PBXBuildFile; fileRef = 6B56C1E929C6868D003ED148 /* SceneDelegate.swift */; };
		6B56C1EC29C6868D003ED148 /* ViewController.swift in Sources */ = {isa = PBXBuildFile; fileRef = 6B56C1EB29C6868D003ED148 /* ViewController.swift */; };
		6B56C1EF29C6868D003ED148 /* Main.storyboard in Resources */ = {isa = PBXBuildFile; fileRef = 6B56C1ED29C6868D003ED148 /* Main.storyboard */; };
		6B56C1F129C6868F003ED148 /* Assets.xcassets in Resources */ = {isa = PBXBuildFile; fileRef = 6B56C1F029C6868F003ED148 /* Assets.xcassets */; };
		6B56C1F429C6868F003ED148 /* LaunchScreen.storyboard in Resources */ = {isa = PBXBuildFile; fileRef = 6B56C1F229C6868F003ED148 /* LaunchScreen.storyboard */; };
		6B56C1FD29C686D5003ED148 /* CombineVC.swift in Sources */ = {isa = PBXBuildFile; fileRef = 6B56C1FC29C686D5003ED148 /* CombineVC.swift */; };
		6B56C20029C68D39003ED148 /* CombineCardView.swift in Sources */ = {isa = PBXBuildFile; fileRef = 6B56C1FF29C68D39003ED148 /* CombineCardView.swift */; };
		6B56C20329C68F50003ED148 /* UIView.swift in Sources */ = {isa = PBXBuildFile; fileRef = 6B56C20229C68F50003ED148 /* UIView.swift */; };
/* End PBXBuildFile section */

/* Begin PBXFileReference section */
		6B30CA2429CB244400C2094D /* UsuariosService.swift */ = {isa = PBXFileReference; lastKnownFileType = sourcecode.swift; path = UsuariosService.swift; sourceTree = "<group>"; };
		6B4A6BB229CBDE8A00F44CA2 /* UIImageView.swift */ = {isa = PBXFileReference; lastKnownFileType = sourcecode.swift; path = UIImageView.swift; sourceTree = "<group>"; };
		6B4A778D29C9CF9B001D8FBA /* UILabel.swift */ = {isa = PBXFileReference; lastKnownFileType = sourcecode.swift; path = UILabel.swift; sourceTree = "<group>"; };
		6B4A779029C9D31E001D8FBA /* Usuário.swift */ = {isa = PBXFileReference; lastKnownFileType = sourcecode.swift; path = "Usuário.swift"; sourceTree = "<group>"; };
		6B56C1E429C6868D003ED148 /* Tinder.app */ = {isa = PBXFileReference; explicitFileType = wrapper.application; includeInIndex = 0; path = Tinder.app; sourceTree = BUILT_PRODUCTS_DIR; };
		6B56C1E729C6868D003ED148 /* AppDelegate.swift */ = {isa = PBXFileReference; lastKnownFileType = sourcecode.swift; path = AppDelegate.swift; sourceTree = "<group>"; };
		6B56C1E929C6868D003ED148 /* SceneDelegate.swift */ = {isa = PBXFileReference; lastKnownFileType = sourcecode.swift; path = SceneDelegate.swift; sourceTree = "<group>"; };
		6B56C1EB29C6868D003ED148 /* ViewController.swift */ = {isa = PBXFileReference; lastKnownFileType = sourcecode.swift; path = ViewController.swift; sourceTree = "<group>"; };
		6B56C1EE29C6868D003ED148 /* Base */ = {isa = PBXFileReference; lastKnownFileType = file.storyboard; name = Base; path = Base.lproj/Main.storyboard; sourceTree = "<group>"; };
		6B56C1F029C6868F003ED148 /* Assets.xcassets */ = {isa = PBXFileReference; lastKnownFileType = folder.assetcatalog; path = Assets.xcassets; sourceTree = "<group>"; };
		6B56C1F329C6868F003ED148 /* Base */ = {isa = PBXFileReference; lastKnownFileType = file.storyboard; name = Base; path = Base.lproj/LaunchScreen.storyboard; sourceTree = "<group>"; };
		6B56C1F529C6868F003ED148 /* Info.plist */ = {isa = PBXFileReference; lastKnownFileType = text.plist.xml; path = Info.plist; sourceTree = "<group>"; };
		6B56C1FC29C686D5003ED148 /* CombineVC.swift */ = {isa = PBXFileReference; lastKnownFileType = sourcecode.swift; path = CombineVC.swift; sourceTree = "<group>"; };
		6B56C1FF29C68D39003ED148 /* CombineCardView.swift */ = {isa = PBXFileReference; lastKnownFileType = sourcecode.swift; path = CombineCardView.swift; sourceTree = "<group>"; };
		6B56C20229C68F50003ED148 /* UIView.swift */ = {isa = PBXFileReference; fileEncoding = 4; lastKnownFileType = sourcecode.swift; name = UIView.swift; path = ../../../AutoLayout/AutoLayout/UIView.swift; sourceTree = "<group>"; };
/* End PBXFileReference section */

/* Begin PBXFrameworksBuildPhase section */
		6B56C1E129C6868D003ED148 /* Frameworks */ = {
			isa = PBXFrameworksBuildPhase;
			buildActionMask = 2147483647;
			files = (
			);
			runOnlyForDeploymentPostprocessing = 0;
		};
/* End PBXFrameworksBuildPhase section */

/* Begin PBXGroup section */
		6B30CA2329CB240D00C2094D /* Service */ = {
			isa = PBXGroup;
			children = (
				6B30CA2429CB244400C2094D /* UsuariosService.swift */,
			);
			path = Service;
			sourceTree = "<group>";
		};
		6B4A778F29C9D312001D8FBA /* Model */ = {
			isa = PBXGroup;
			children = (
				6B4A779029C9D31E001D8FBA /* Usuário.swift */,
			);
			path = Model;
			sourceTree = "<group>";
		};
		6B56C1DB29C6868D003ED148 = {
			isa = PBXGroup;
			children = (
				6B56C1E629C6868D003ED148 /* Tinder */,
				6B56C1E529C6868D003ED148 /* Products */,
			);
			sourceTree = "<group>";
		};
		6B56C1E529C6868D003ED148 /* Products */ = {
			isa = PBXGroup;
			children = (
				6B56C1E429C6868D003ED148 /* Tinder.app */,
			);
			name = Products;
			sourceTree = "<group>";
		};
		6B56C1E629C6868D003ED148 /* Tinder */ = {
			isa = PBXGroup;
			children = (
				6B30CA2329CB240D00C2094D /* Service */,
				6B4A778F29C9D312001D8FBA /* Model */,
				6B56C20129C68F1E003ED148 /* Lib */,
				6B56C1FE29C68D24003ED148 /* View */,
				6B56C1FB29C686B9003ED148 /* Controller */,
				6B56C1E729C6868D003ED148 /* AppDelegate.swift */,
				6B56C1E929C6868D003ED148 /* SceneDelegate.swift */,
				6B56C1EB29C6868D003ED148 /* ViewController.swift */,
				6B56C1ED29C6868D003ED148 /* Main.storyboard */,
				6B56C1F029C6868F003ED148 /* Assets.xcassets */,
				6B56C1F229C6868F003ED148 /* LaunchScreen.storyboard */,
				6B56C1F529C6868F003ED148 /* Info.plist */,
			);
			path = Tinder;
			sourceTree = "<group>";
		};
		6B56C1FB29C686B9003ED148 /* Controller */ = {
			isa = PBXGroup;
			children = (
				6B56C1FC29C686D5003ED148 /* CombineVC.swift */,
			);
			path = Controller;
			sourceTree = "<group>";
		};
		6B56C1FE29C68D24003ED148 /* View */ = {
			isa = PBXGroup;
			children = (
				6B56C1FF29C68D39003ED148 /* CombineCardView.swift */,
			);
			path = View;
			sourceTree = "<group>";
		};
		6B56C20129C68F1E003ED148 /* Lib */ = {
			isa = PBXGroup;
			children = (
				6B56C20229C68F50003ED148 /* UIView.swift */,
				6B4A778D29C9CF9B001D8FBA /* UILabel.swift */,
				6B4A6BB229CBDE8A00F44CA2 /* UIImageView.swift */,
			);
			path = Lib;
			sourceTree = "<group>";
		};
/* End PBXGroup section */

/* Begin PBXNativeTarget section */
		6B56C1E329C6868D003ED148 /* Tinder */ = {
			isa = PBXNativeTarget;
			buildConfigurationList = 6B56C1F829C6868F003ED148 /* Build configuration list for PBXNativeTarget "Tinder" */;
			buildPhases = (
				6B56C1E029C6868D003ED148 /* Sources */,
				6B56C1E129C6868D003ED148 /* Frameworks */,
				6B56C1E229C6868D003ED148 /* Resources */,
			);
			buildRules = (
			);
			dependencies = (
			);
			name = Tinder;
			productName = Tinder;
			productReference = 6B56C1E429C6868D003ED148 /* Tinder.app */;
			productType = "com.apple.product-type.application";
		};
/* End PBXNativeTarget section */

/* Begin PBXProject section */
		6B56C1DC29C6868D003ED148 /* Project object */ = {
			isa = PBXProject;
			attributes = {
				BuildIndependentTargetsInParallel = 1;
				LastSwiftUpdateCheck = 1340;
				LastUpgradeCheck = 1340;
				TargetAttributes = {
					6B56C1E329C6868D003ED148 = {
						CreatedOnToolsVersion = 13.4.1;
					};
				};
			};
			buildConfigurationList = 6B56C1DF29C6868D003ED148 /* Build configuration list for PBXProject "Tinder" */;
			compatibilityVersion = "Xcode 13.0";
			developmentRegion = en;
			hasScannedForEncodings = 0;
			knownRegions = (
				en,
				Base,
			);
			mainGroup = 6B56C1DB29C6868D003ED148;
			productRefGroup = 6B56C1E529C6868D003ED148 /* Products */;
			projectDirPath = "";
			projectRoot = "";
			targets = (
				6B56C1E329C6868D003ED148 /* Tinder */,
			);
		};
/* End PBXProject section */

/* Begin PBXResourcesBuildPhase section */
		6B56C1E229C6868D003ED148 /* Resources */ = {
			isa = PBXResourcesBuildPhase;
			buildActionMask = 2147483647;
			files = (
				6B56C1F429C6868F003ED148 /* LaunchScreen.storyboard in Resources */,
				6B56C1F129C6868F003ED148 /* Assets.xcassets in Resources */,
				6B56C1EF29C6868D003ED148 /* Main.storyboard in Resources */,
			);
			runOnlyForDeploymentPostprocessing = 0;
		};
/* End PBXResourcesBuildPhase section */

/* Begin PBXSourcesBuildPhase section */
		6B56C1E029C6868D003ED148 /* Sources */ = {
			isa = PBXSourcesBuildPhase;
			buildActionMask = 2147483647;
			files = (
				6B56C1FD29C686D5003ED148 /* CombineVC.swift in Sources */,
				6B56C1EC29C6868D003ED148 /* ViewController.swift in Sources */,
				6B4A779129C9D31E001D8FBA /* Usuário.swift in Sources */,
				6B4A778E29C9CF9B001D8FBA /* UILabel.swift in Sources */,
				6B56C20029C68D39003ED148 /* CombineCardView.swift in Sources */,
				6B30CA2529CB244400C2094D /* UsuariosService.swift in Sources */,
				6B4A6BB329CBDE8A00F44CA2 /* UIImageView.swift in Sources */,
				6B56C1E829C6868D003ED148 /* AppDelegate.swift in Sources */,
				6B56C20329C68F50003ED148 /* UIView.swift in Sources */,
				6B56C1EA29C6868D003ED148 /* SceneDelegate.swift in Sources */,
			);
			runOnlyForDeploymentPostprocessing = 0;
		};
/* End PBXSourcesBuildPhase section */

/* Begin PBXVariantGroup section */
		6B56C1ED29C6868D003ED148 /* Main.storyboard */ = {
			isa = PBXVariantGroup;
			children = (
				6B56C1EE29C6868D003ED148 /* Base */,
			);
			name = Main.storyboard;
			sourceTree = "<group>";
		};
		6B56C1F229C6868F003ED148 /* LaunchScreen.storyboard */ = {
			isa = PBXVariantGroup;
			children = (
				6B56C1F329C6868F003ED148 /* Base */,
			);
			name = LaunchScreen.storyboard;
			sourceTree = "<group>";
		};
/* End PBXVariantGroup section */

/* Begin XCBuildConfiguration section */
		6B56C1F629C6868F003ED148 /* Debug */ = {
			isa = XCBuildConfiguration;
			buildSettings = {
				ALWAYS_SEARCH_USER_PATHS = NO;
				CLANG_ANALYZER_NONNULL = YES;
				CLANG_ANALYZER_NUMBER_OBJECT_CONVERSION = YES_AGGRESSIVE;
				CLANG_CXX_LANGUAGE_STANDARD = "gnu++17";
				CLANG_ENABLE_MODULES = YES;
				CLANG_ENABLE_OBJC_ARC = YES;
				CLANG_ENABLE_OBJC_WEAK = YES;
				CLANG_WARN_BLOCK_CAPTURE_AUTORELEASING = YES;
				CLANG_WARN_BOOL_CONVERSION = YES;
				CLANG_WARN_COMMA = YES;
				CLANG_WARN_CONSTANT_CONVERSION = YES;
				CLANG_WARN_DEPRECATED_OBJC_IMPLEMENTATIONS = YES;
				CLANG_WARN_DIRECT_OBJC_ISA_USAGE = YES_ERROR;
				CLANG_WARN_DOCUMENTATION_COMMENTS = YES;
				CLANG_WARN_EMPTY_BODY = YES;
				CLANG_WARN_ENUM_CONVERSION = YES;
				CLANG_WARN_INFINITE_RECURSION = YES;
				CLANG_WARN_INT_CONVERSION = YES;
				CLANG_WARN_NON_LITERAL_NULL_CONVERSION = YES;
				CLANG_WARN_OBJC_IMPLICIT_RETAIN_SELF = YES;
				CLANG_WARN_OBJC_LITERAL_CONVERSION = YES;
				CLANG_WARN_OBJC_ROOT_CLASS = YES_ERROR;
				CLANG_WARN_QUOTED_INCLUDE_IN_FRAMEWORK_HEADER = YES;
				CLANG_WARN_RANGE_LOOP_ANALYSIS = YES;
				CLANG_WARN_STRICT_PROTOTYPES = YES;
				CLANG_WARN_SUSPICIOUS_MOVE = YES;
				CLANG_WARN_UNGUARDED_AVAILABILITY = YES_AGGRESSIVE;
				CLANG_WARN_UNREACHABLE_CODE = YES;
				CLANG_WARN__DUPLICATE_METHOD_MATCH = YES;
				COPY_PHASE_STRIP = NO;
				DEBUG_INFORMATION_FORMAT = dwarf;
				ENABLE_STRICT_OBJC_MSGSEND = YES;
				ENABLE_TESTABILITY = YES;
				GCC_C_LANGUAGE_STANDARD = gnu11;
				GCC_DYNAMIC_NO_PIC = NO;
				GCC_NO_COMMON_BLOCKS = YES;
				GCC_OPTIMIZATION_LEVEL = 0;
				GCC_PREPROCESSOR_DEFINITIONS = (
					"DEBUG=1",
					"$(inherited)",
				);
				GCC_WARN_64_TO_32_BIT_CONVERSION = YES;
				GCC_WARN_ABOUT_RETURN_TYPE = YES_ERROR;
				GCC_WARN_UNDECLARED_SELECTOR = YES;
				GCC_WARN_UNINITIALIZED_AUTOS = YES_AGGRESSIVE;
				GCC_WARN_UNUSED_FUNCTION = YES;
				GCC_WARN_UNUSED_VARIABLE = YES;
				IPHONEOS_DEPLOYMENT_TARGET = 15.5;
				MTL_ENABLE_DEBUG_INFO = INCLUDE_SOURCE;
				MTL_FAST_MATH = YES;
				ONLY_ACTIVE_ARCH = YES;
				SDKROOT = iphoneos;
				SWIFT_ACTIVE_COMPILATION_CONDITIONS = DEBUG;
				SWIFT_OPTIMIZATION_LEVEL = "-Onone";
			};
			name = Debug;
		};
		6B56C1F729C6868F003ED148 /* Release */ = {
			isa = XCBuildConfiguration;
			buildSettings = {
				ALWAYS_SEARCH_USER_PATHS = NO;
				CLANG_ANALYZER_NONNULL = YES;
				CLANG_ANALYZER_NUMBER_OBJECT_CONVERSION = YES_AGGRESSIVE;
				CLANG_CXX_LANGUAGE_STANDARD = "gnu++17";
				CLANG_ENABLE_MODULES = YES;
				CLANG_ENABLE_OBJC_ARC = YES;
				CLANG_ENABLE_OBJC_WEAK = YES;
				CLANG_WARN_BLOCK_CAPTURE_AUTORELEASING = YES;
				CLANG_WARN_BOOL_CONVERSION = YES;
				CLANG_WARN_COMMA = YES;
				CLANG_WARN_CONSTANT_CONVERSION = YES;
				CLANG_WARN_DEPRECATED_OBJC_IMPLEMENTATIONS = YES;
				CLANG_WARN_DIRECT_OBJC_ISA_USAGE = YES_ERROR;
				CLANG_WARN_DOCUMENTATION_COMMENTS = YES;
				CLANG_WARN_EMPTY_BODY = YES;
				CLANG_WARN_ENUM_CONVERSION = YES;
				CLANG_WARN_INFINITE_RECURSION = YES;
				CLANG_WARN_INT_CONVERSION = YES;
				CLANG_WARN_NON_LITERAL_NULL_CONVERSION = YES;
				CLANG_WARN_OBJC_IMPLICIT_RETAIN_SELF = YES;
				CLANG_WARN_OBJC_LITERAL_CONVERSION = YES;
				CLANG_WARN_OBJC_ROOT_CLASS = YES_ERROR;
				CLANG_WARN_QUOTED_INCLUDE_IN_FRAMEWORK_HEADER = YES;
				CLANG_WARN_RANGE_LOOP_ANALYSIS = YES;
				CLANG_WARN_STRICT_PROTOTYPES = YES;
				CLANG_WARN_SUSPICIOUS_MOVE = YES;
				CLANG_WARN_UNGUARDED_AVAILABILITY = YES_AGGRESSIVE;
				CLANG_WARN_UNREACHABLE_CODE = YES;
				CLANG_WARN__DUPLICATE_METHOD_MATCH = YES;
				COPY_PHASE_STRIP = NO;
				DEBUG_INFORMATION_FORMAT = "dwarf-with-dsym";
				ENABLE_NS_ASSERTIONS = NO;
				ENABLE_STRICT_OBJC_MSGSEND = YES;
				GCC_C_LANGUAGE_STANDARD = gnu11;
				GCC_NO_COMMON_BLOCKS = YES;
				GCC_WARN_64_TO_32_BIT_CONVERSION = YES;
				GCC_WARN_ABOUT_RETURN_TYPE = YES_ERROR;
				GCC_WARN_UNDECLARED_SELECTOR = YES;
				GCC_WARN_UNINITIALIZED_AUTOS = YES_AGGRESSIVE;
				GCC_WARN_UNUSED_FUNCTION = YES;
				GCC_WARN_UNUSED_VARIABLE = YES;
				IPHONEOS_DEPLOYMENT_TARGET = 15.5;
				MTL_ENABLE_DEBUG_INFO = NO;
				MTL_FAST_MATH = YES;
				SDKROOT = iphoneos;
				SWIFT_COMPILATION_MODE = wholemodule;
				SWIFT_OPTIMIZATION_LEVEL = "-O";
				VALIDATE_PRODUCT = YES;
			};
			name = Release;
		};
		6B56C1F929C6868F003ED148 /* Debug */ = {
			isa = XCBuildConfiguration;
			buildSettings = {
				ASSETCATALOG_COMPILER_APPICON_NAME = AppIcon;
				ASSETCATALOG_COMPILER_GLOBAL_ACCENT_COLOR_NAME = AccentColor;
				CODE_SIGN_STYLE = Automatic;
				CURRENT_PROJECT_VERSION = 1;
				GENERATE_INFOPLIST_FILE = YES;
				INFOPLIST_FILE = Tinder/Info.plist;
				INFOPLIST_KEY_UIApplicationSupportsIndirectInputEvents = YES;
				INFOPLIST_KEY_UILaunchStoryboardName = LaunchScreen;
				INFOPLIST_KEY_UIMainStoryboardFile = Main;
				INFOPLIST_KEY_UISupportedInterfaceOrientations_iPad = "UIInterfaceOrientationPortrait UIInterfaceOrientationPortraitUpsideDown UIInterfaceOrientationLandscapeLeft UIInterfaceOrientationLandscapeRight";
				INFOPLIST_KEY_UISupportedInterfaceOrientations_iPhone = "UIInterfaceOrientationPortrait UIInterfaceOrientationLandscapeLeft UIInterfaceOrientationLandscapeRight";
				LD_RUNPATH_SEARCH_PATHS = (
					"$(inherited)",
					"@executable_path/Frameworks",
				);
				MARKETING_VERSION = 1.0;
				PRODUCT_BUNDLE_IDENTIFIER = com.amandacamile.Tinder;
				PRODUCT_NAME = "$(TARGET_NAME)";
				SWIFT_EMIT_LOC_STRINGS = YES;
				SWIFT_VERSION = 5.0;
				TARGETED_DEVICE_FAMILY = "1,2";
			};
			name = Debug;
		};
		6B56C1FA29C6868F003ED148 /* Release */ = {
			isa = XCBuildConfiguration;
			buildSettings = {
				ASSETCATALOG_COMPILER_APPICON_NAME = AppIcon;
				ASSETCATALOG_COMPILER_GLOBAL_ACCENT_COLOR_NAME = AccentColor;
				CODE_SIGN_STYLE = Automatic;
				CURRENT_PROJECT_VERSION = 1;
				GENERATE_INFOPLIST_FILE = YES;
				INFOPLIST_FILE = Tinder/Info.plist;
				INFOPLIST_KEY_UIApplicationSupportsIndirectInputEvents = YES;
				INFOPLIST_KEY_UILaunchStoryboardName = LaunchScreen;
				INFOPLIST_KEY_UIMainStoryboardFile = Main;
				INFOPLIST_KEY_UISupportedInterfaceOrientations_iPad = "UIInterfaceOrientationPortrait UIInterfaceOrientationPortraitUpsideDown UIInterfaceOrientationLandscapeLeft UIInterfaceOrientationLandscapeRight";
				INFOPLIST_KEY_UISupportedInterfaceOrientations_iPhone = "UIInterfaceOrientationPortrait UIInterfaceOrientationLandscapeLeft UIInterfaceOrientationLandscapeRight";
				LD_RUNPATH_SEARCH_PATHS = (
					"$(inherited)",
					"@executable_path/Frameworks",
				);
				MARKETING_VERSION = 1.0;
				PRODUCT_BUNDLE_IDENTIFIER = com.amandacamile.Tinder;
				PRODUCT_NAME = "$(TARGET_NAME)";
				SWIFT_EMIT_LOC_STRINGS = YES;
				SWIFT_VERSION = 5.0;
				TARGETED_DEVICE_FAMILY = "1,2";
			};
			name = Release;
		};
/* End XCBuildConfiguration section */

/* Begin XCConfigurationList section */
		6B56C1DF29C6868D003ED148 /* Build configuration list for PBXProject "Tinder" */ = {
			isa = XCConfigurationList;
			buildConfigurations = (
				6B56C1F629C6868F003ED148 /* Debug */,
				6B56C1F729C6868F003ED148 /* Release */,
			);
			defaultConfigurationIsVisible = 0;
			defaultConfigurationName = Release;
		};
		6B56C1F829C6868F003ED148 /* Build configuration list for PBXNativeTarget "Tinder" */ = {
			isa = XCConfigurationList;
			buildConfigurations = (
				6B56C1F929C6868F003ED148 /* Debug */,
				6B56C1FA29C6868F003ED148 /* Release */,
			);
			defaultConfigurationIsVisible = 0;
			defaultConfigurationName = Release;
		};
/* End XCConfigurationList section */
	};
	rootObject = 6B56C1DC29C6868D003ED148 /* Project object */;
}
